
Microsoft Visual Studio Solution File, Format Version 12.00
# Visual Studio Version 16
VisualStudioVersion = 16.0.30907.101
MinimumVisualStudioVersion = 10.0.40219.1
Project("{9A19103F-16F7-4668-BE54-9A1E7A4F7556}") = "AutoParkWeb", "AutoParkWeb\AutoParkWeb.csproj", "{737065DF-D470-4BA3-BD81-85AC1DEFBCCD}"
EndProject
Project("{9A19103F-16F7-4668-BE54-9A1E7A4F7556}") = "AutoParkData", "AutoParkData\AutoParkData.csproj", "{FD3F908A-878C-4CC9-9D72-B197B15B523F}"
EndProject
Global
	GlobalSection(SolutionConfigurationPlatforms) = preSolution
		Debug|Any CPU = Debug|Any CPU
		Release|Any CPU = Release|Any CPU
	EndGlobalSection
	GlobalSection(ProjectConfigurationPlatforms) = postSolution
		{737065DF-D470-4BA3-BD81-85AC1DEFBCCD}.Debug|Any CPU.ActiveCfg = Debug|Any CPU
		{737065DF-D470-4BA3-BD81-85AC1DEFBCCD}.Debug|Any CPU.Build.0 = Debug|Any CPU
		{737065DF-D470-4BA3-BD81-85AC1DEFBCCD}.Release|Any CPU.ActiveCfg = Release|Any CPU
		{737065DF-D470-4BA3-BD81-85AC1DEFBCCD}.Release|Any CPU.Build.0 = Release|Any CPU
		{FD3F908A-878C-4CC9-9D72-B197B15B523F}.Debug|Any CPU.ActiveCfg = Debug|Any CPU
		{FD3F908A-878C-4CC9-9D72-B197B15B523F}.Debug|Any CPU.Build.0 = Debug|Any CPU
		{FD3F908A-878C-4CC9-9D72-B197B15B523F}.Release|Any CPU.ActiveCfg = Release|Any CPU
		{FD3F908A-878C-4CC9-9D72-B197B15B523F}.Release|Any CPU.Build.0 = Release|Any CPU
	EndGlobalSection
	GlobalSection(SolutionProperties) = preSolution
		HideSolutionNode = FALSE
	EndGlobalSection
	GlobalSection(ExtensibilityGlobals) = postSolution
		SolutionGuid = {3132E1D9-4EEA-46D9-8DCD-3F676ABA6B84}
	EndGlobalSection
EndGlobal
